
Microsoft Visual Studio Solution File, Format Version 12.00
# Visual Studio Version 17
VisualStudioVersion = 17.9.34902.65
MinimumVisualStudioVersion = 10.0.40219.1
Project("{FAE04EC0-301F-11D3-BF4B-00C04F79EFBC}") = "q1", "Question1\q1.csproj", "{B74BE595-2552-44EA-8F8B-E790B4D4B023}"
EndProject
Project("{FAE04EC0-301F-11D3-BF4B-00C04F79EFBC}") = "q2", "q2\q2.csproj", "{2A39F205-1CD0-4255-9ECD-CFC228E01A81}"
EndProject
Global
	GlobalSection(SolutionConfigurationPlatforms) = preSolution
		Debug|Any CPU = Debug|Any CPU
		Release|Any CPU = Release|Any CPU
	EndGlobalSection
	GlobalSection(ProjectConfigurationPlatforms) = postSolution
		{B74BE595-2552-44EA-8F8B-E790B4D4B023}.Debug|Any CPU.ActiveCfg = Debug|Any CPU
		{B74BE595-2552-44EA-8F8B-E790B4D4B023}.Debug|Any CPU.Build.0 = Debug|Any CPU
		{B74BE595-2552-44EA-8F8B-E790B4D4B023}.Release|Any CPU.ActiveCfg = Release|Any CPU
		{B74BE595-2552-44EA-8F8B-E790B4D4B023}.Release|Any CPU.Build.0 = Release|Any CPU
		{2A39F205-1CD0-4255-9ECD-CFC228E01A81}.Debug|Any CPU.ActiveCfg = Debug|Any CPU
		{2A39F205-1CD0-4255-9ECD-CFC228E01A81}.Debug|Any CPU.Build.0 = Debug|Any CPU
		{2A39F205-1CD0-4255-9ECD-CFC228E01A81}.Release|Any CPU.ActiveCfg = Release|Any CPU
		{2A39F205-1CD0-4255-9ECD-CFC228E01A81}.Release|Any CPU.Build.0 = Release|Any CPU
	EndGlobalSection
	GlobalSection(SolutionProperties) = preSolution
		HideSolutionNode = FALSE
	EndGlobalSection
	GlobalSection(ExtensibilityGlobals) = postSolution
		SolutionGuid = {0B4A1C8A-ED7C-475B-8177-1795293AC868}
	EndGlobalSection
EndGlobal
